
Microsoft Visual Studio Solution File, Format Version 12.00
Project("{FAE04EC0-301F-11D3-BF4B-00C04F79EFBC}") = "Infrastructure.Search", "Infrastructure.Search\Infrastructure.Search.csproj", "{9B2CD2D3-D6B7-489A-AF91-C45FFC0AE214}"
EndProject
Project("{FAE04EC0-301F-11D3-BF4B-00C04F79EFBC}") = "WebAPI", "WebAPI\WebAPI.csproj", "{4532089D-5311-47A8-A7D3-8204C7CA6648}"
EndProject
Global
	GlobalSection(SolutionConfigurationPlatforms) = preSolution
		Debug|Any CPU = Debug|Any CPU
		Release|Any CPU = Release|Any CPU
	EndGlobalSection
	GlobalSection(ProjectConfigurationPlatforms) = postSolution
		{9B2CD2D3-D6B7-489A-AF91-C45FFC0AE214}.Debug|Any CPU.ActiveCfg = Debug|Any CPU
		{9B2CD2D3-D6B7-489A-AF91-C45FFC0AE214}.Debug|Any CPU.Build.0 = Debug|Any CPU
		{9B2CD2D3-D6B7-489A-AF91-C45FFC0AE214}.Release|Any CPU.ActiveCfg = Release|Any CPU
		{9B2CD2D3-D6B7-489A-AF91-C45FFC0AE214}.Release|Any CPU.Build.0 = Release|Any CPU
		{4532089D-5311-47A8-A7D3-8204C7CA6648}.Debug|Any CPU.ActiveCfg = Debug|Any CPU
		{4532089D-5311-47A8-A7D3-8204C7CA6648}.Debug|Any CPU.Build.0 = Debug|Any CPU
		{4532089D-5311-47A8-A7D3-8204C7CA6648}.Release|Any CPU.ActiveCfg = Release|Any CPU
		{4532089D-5311-47A8-A7D3-8204C7CA6648}.Release|Any CPU.Build.0 = Release|Any CPU
	EndGlobalSection
EndGlobal
